
Microsoft Visual Studio Solution File, Format Version 12.00
# Visual Studio Version 17
VisualStudioVersion = 17.2.32630.192
MinimumVisualStudioVersion = 10.0.40219.1
Project("{9A19103F-16F7-4668-BE54-9A1E7A4F7556}") = "jouseed-Test-Weather", "jouseed-Test-Weather\jouseed-Test-Weather.csproj", "{0BCA8630-5E7B-4E2D-885E-9709D03D909D}"
EndProject
Global
	GlobalSection(SolutionConfigurationPlatforms) = preSolution
		Debug|Any CPU = Debug|Any CPU
		Release|Any CPU = Release|Any CPU
	EndGlobalSection
	GlobalSection(ProjectConfigurationPlatforms) = postSolution
		{0BCA8630-5E7B-4E2D-885E-9709D03D909D}.Debug|Any CPU.ActiveCfg = Debug|Any CPU
		{0BCA8630-5E7B-4E2D-885E-9709D03D909D}.Debug|Any CPU.Build.0 = Debug|Any CPU
		{0BCA8630-5E7B-4E2D-885E-9709D03D909D}.Release|Any CPU.ActiveCfg = Release|Any CPU
		{0BCA8630-5E7B-4E2D-885E-9709D03D909D}.Release|Any CPU.Build.0 = Release|Any CPU
	EndGlobalSection
	GlobalSection(SolutionProperties) = preSolution
		HideSolutionNode = FALSE
	EndGlobalSection
	GlobalSection(ExtensibilityGlobals) = postSolution
		SolutionGuid = {2F4DB845-9254-4896-9322-E61FF0E755D7}
	EndGlobalSection
EndGlobal
